
Microsoft Visual Studio Solution File, Format Version 12.00
# Visual Studio Version 16
VisualStudioVersion = 16.0.31729.503
MinimumVisualStudioVersion = 10.0.40219.1
Project("{9A19103F-16F7-4668-BE54-9A1E7A4F7556}") = "Karaoke", "Karaoke.csproj", "{EBB922B2-EE92-4DCF-B213-26B958A07768}"
EndProject
Global
	GlobalSection(SolutionConfigurationPlatforms) = preSolution
		Debug|Any CPU = Debug|Any CPU
		Release|Any CPU = Release|Any CPU
	EndGlobalSection
	GlobalSection(ProjectConfigurationPlatforms) = postSolution
		{EBB922B2-EE92-4DCF-B213-26B958A07768}.Debug|Any CPU.ActiveCfg = Debug|Any CPU
		{EBB922B2-EE92-4DCF-B213-26B958A07768}.Debug|Any CPU.Build.0 = Debug|Any CPU
		{EBB922B2-EE92-4DCF-B213-26B958A07768}.Release|Any CPU.ActiveCfg = Release|Any CPU
		{EBB922B2-EE92-4DCF-B213-26B958A07768}.Release|Any CPU.Build.0 = Release|Any CPU
	EndGlobalSection
	GlobalSection(SolutionProperties) = preSolution
		HideSolutionNode = FALSE
	EndGlobalSection
	GlobalSection(ExtensibilityGlobals) = postSolution
		SolutionGuid = {AF289A01-1AA2-47BE-BCD3-FA85610F7602}
	EndGlobalSection
EndGlobal
